
Microsoft Visual Studio Solution File, Format Version 12.00
# Visual Studio 14
VisualStudioVersion = 14.0.25420.1
MinimumVisualStudioVersion = 10.0.40219.1
Project("{FAE04EC0-301F-11D3-BF4B-00C04F79EFBC}") = "EstilosTest", "EstilosTest\EstilosTest\EstilosTest.csproj", "{7D43C312-3DBB-4B03-9448-D9DA5AD0DBC7}"
EndProject
Project("{FAE04EC0-301F-11D3-BF4B-00C04F79EFBC}") = "EstilosTest.Droid", "EstilosTest\EstilosTest.Droid\EstilosTest.Droid.csproj", "{80CBF286-EB2A-4DFB-8CE2-FF0D3EEA6B00}"
EndProject
Project("{FAE04EC0-301F-11D3-BF4B-00C04F79EFBC}") = "EstilosTest.iOS", "EstilosTest\EstilosTest.iOS\EstilosTest.iOS.csproj", "{6A09FE9D-6D77-4172-9D55-C63F03AB3479}"
EndProject
Project("{FAE04EC0-301F-11D3-BF4B-00C04F79EFBC}") = "EstilosTest.WinPhone", "EstilosTest\EstilosTest.WinPhone\EstilosTest.WinPhone.csproj", "{515BF907-8EB2-4F04-8813-085D6518F67D}"
EndProject
Project("{FAE04EC0-301F-11D3-BF4B-00C04F79EFBC}") = "EstilosTest.UWP", "EstilosTest\EstilosTest.UWP\EstilosTest.UWP.csproj", "{36702B33-B3F9-4ECF-AA09-90AC7AE6C1CC}"
EndProject
Project("{FAE04EC0-301F-11D3-BF4B-00C04F79EFBC}") = "EstilosTest.Windows", "EstilosTest\EstilosTest.Windows\EstilosTest.Windows.csproj", "{ED8089AE-FA94-42F6-9F1F-5FEAC41205F8}"
EndProject
Global
	GlobalSection(SolutionConfigurationPlatforms) = preSolution
		Ad-Hoc|Any CPU = Ad-Hoc|Any CPU
		Ad-Hoc|ARM = Ad-Hoc|ARM
		Ad-Hoc|iPhone = Ad-Hoc|iPhone
		Ad-Hoc|iPhoneSimulator = Ad-Hoc|iPhoneSimulator
		Ad-Hoc|x64 = Ad-Hoc|x64
		Ad-Hoc|x86 = Ad-Hoc|x86
		AppStore|Any CPU = AppStore|Any CPU
		AppStore|ARM = AppStore|ARM
		AppStore|iPhone = AppStore|iPhone
		AppStore|iPhoneSimulator = AppStore|iPhoneSimulator
		AppStore|x64 = AppStore|x64
		AppStore|x86 = AppStore|x86
		Debug|Any CPU = Debug|Any CPU
		Debug|ARM = Debug|ARM
		Debug|iPhone = Debug|iPhone
		Debug|iPhoneSimulator = Debug|iPhoneSimulator
		Debug|x64 = Debug|x64
		Debug|x86 = Debug|x86
		Release|Any CPU = Release|Any CPU
		Release|ARM = Release|ARM
		Release|iPhone = Release|iPhone
		Release|iPhoneSimulator = Release|iPhoneSimulator
		Release|x64 = Release|x64
		Release|x86 = Release|x86
	EndGlobalSection
	GlobalSection(ProjectConfigurationPlatforms) = postSolution
		{7D43C312-3DBB-4B03-9448-D9DA5AD0DBC7}.Ad-Hoc|Any CPU.ActiveCfg = Release|Any CPU
		{7D43C312-3DBB-4B03-9448-D9DA5AD0DBC7}.Ad-Hoc|Any CPU.Build.0 = Release|Any CPU
		{7D43C312-3DBB-4B03-9448-D9DA5AD0DBC7}.Ad-Hoc|ARM.ActiveCfg = Release|Any CPU
		{7D43C312-3DBB-4B03-9448-D9DA5AD0DBC7}.Ad-Hoc|ARM.Build.0 = Release|Any CPU
		{7D43C312-3DBB-4B03-9448-D9DA5AD0DBC7}.Ad-Hoc|iPhone.ActiveCfg = Release|Any CPU
		{7D43C312-3DBB-4B03-9448-D9DA5AD0DBC7}.Ad-Hoc|iPhone.Build.0 = Release|Any CPU
		{7D43C312-3DBB-4B03-9448-D9DA5AD0DBC7}.Ad-Hoc|iPhoneSimulator.ActiveCfg = Release|Any CPU
		{7D43C312-3DBB-4B03-9448-D9DA5AD0DBC7}.Ad-Hoc|iPhoneSimulator.Build.0 = Release|Any CPU
		{7D43C312-3DBB-4B03-9448-D9DA5AD0DBC7}.Ad-Hoc|x64.ActiveCfg = Release|Any CPU
		{7D43C312-3DBB-4B03-9448-D9DA5AD0DBC7}.Ad-Hoc|x64.Build.0 = Release|Any CPU
		{7D43C312-3DBB-4B03-9448-D9DA5AD0DBC7}.Ad-Hoc|x86.ActiveCfg = Release|Any CPU
		{7D43C312-3DBB-4B03-9448-D9DA5AD0DBC7}.Ad-Hoc|x86.Build.0 = Release|Any CPU
		{7D43C312-3DBB-4B03-9448-D9DA5AD0DBC7}.AppStore|Any CPU.ActiveCfg = Release|Any CPU
		{7D43C312-3DBB-4B03-9448-D9DA5AD0DBC7}.AppStore|Any CPU.Build.0 = Release|Any CPU
		{7D43C312-3DBB-4B03-9448-D9DA5AD0DBC7}.AppStore|ARM.ActiveCfg = Release|Any CPU
		{7D43C312-3DBB-4B03-9448-D9DA5AD0DBC7}.AppStore|ARM.Build.0 = Release|Any CPU
		{7D43C312-3DBB-4B03-9448-D9DA5AD0DBC7}.AppStore|iPhone.ActiveCfg = Release|Any CPU
		{7D43C312-3DBB-4B03-9448-D9DA5AD0DBC7}.AppStore|iPhone.Build.0 = Release|Any CPU
		{7D43C312-3DBB-4B03-9448-D9DA5AD0DBC7}.AppStore|iPhoneSimulator.ActiveCfg = Release|Any CPU
		{7D43C312-3DBB-4B03-9448-D9DA5AD0DBC7}.AppStore|iPhoneSimulator.Build.0 = Release|Any CPU
		{7D43C312-3DBB-4B03-9448-D9DA5AD0DBC7}.AppStore|x64.ActiveCfg = Release|Any CPU
		{7D43C312-3DBB-4B03-9448-D9DA5AD0DBC7}.AppStore|x64.Build.0 = Release|Any CPU
		{7D43C312-3DBB-4B03-9448-D9DA5AD0DBC7}.AppStore|x86.ActiveCfg = Release|Any CPU
		{7D43C312-3DBB-4B03-9448-D9DA5AD0DBC7}.AppStore|x86.Build.0 = Release|Any CPU
		{7D43C312-3DBB-4B03-9448-D9DA5AD0DBC7}.Debug|Any CPU.ActiveCfg = Debug|Any CPU
		{7D43C312-3DBB-4B03-9448-D9DA5AD0DBC7}.Debug|Any CPU.Build.0 = Debug|Any CPU
		{7D43C312-3DBB-4B03-9448-D9DA5AD0DBC7}.Debug|ARM.ActiveCfg = Debug|Any CPU
		{7D43C312-3DBB-4B03-9448-D9DA5AD0DBC7}.Debug|ARM.Build.0 = Debug|Any CPU
		{7D43C312-3DBB-4B03-9448-D9DA5AD0DBC7}.Debug|iPhone.ActiveCfg = Debug|Any CPU
		{7D43C312-3DBB-4B03-9448-D9DA5AD0DBC7}.Debug|iPhone.Build.0 = Debug|Any CPU
		{7D43C312-3DBB-4B03-9448-D9DA5AD0DBC7}.Debug|iPhoneSimulator.ActiveCfg = Debug|Any CPU
		{7D43C312-3DBB-4B03-9448-D9DA5AD0DBC7}.Debug|iPhoneSimulator.Build.0 = Debug|Any CPU
		{7D43C312-3DBB-4B03-9448-D9DA5AD0DBC7}.Debug|x64.ActiveCfg = Debug|Any CPU
		{7D43C312-3DBB-4B03-9448-D9DA5AD0DBC7}.Debug|x64.Build.0 = Debug|Any CPU
		{7D43C312-3DBB-4B03-9448-D9DA5AD0DBC7}.Debug|x86.ActiveCfg = Debug|Any CPU
		{7D43C312-3DBB-4B03-9448-D9DA5AD0DBC7}.Debug|x86.Build.0 = Debug|Any CPU
		{7D43C312-3DBB-4B03-9448-D9DA5AD0DBC7}.Release|Any CPU.ActiveCfg = Release|Any CPU
		{7D43C312-3DBB-4B03-9448-D9DA5AD0DBC7}.Release|Any CPU.Build.0 = Release|Any CPU
		{7D43C312-3DBB-4B03-9448-D9DA5AD0DBC7}.Release|ARM.ActiveCfg = Release|Any CPU
		{7D43C312-3DBB-4B03-9448-D9DA5AD0DBC7}.Release|ARM.Build.0 = Release|Any CPU
		{7D43C312-3DBB-4B03-9448-D9DA5AD0DBC7}.Release|iPhone.ActiveCfg = Release|Any CPU
		{7D43C312-3DBB-4B03-9448-D9DA5AD0DBC7}.Release|iPhone.Build.0 = Release|Any CPU
		{7D43C312-3DBB-4B03-9448-D9DA5AD0DBC7}.Release|iPhoneSimulator.ActiveCfg = Release|Any CPU
		{7D43C312-3DBB-4B03-9448-D9DA5AD0DBC7}.Release|iPhoneSimulator.Build.0 = Release|Any CPU
		{7D43C312-3DBB-4B03-9448-D9DA5AD0DBC7}.Release|x64.ActiveCfg = Release|Any CPU
		{7D43C312-3DBB-4B03-9448-D9DA5AD0DBC7}.Release|x64.Build.0 = Release|Any CPU
		{7D43C312-3DBB-4B03-9448-D9DA5AD0DBC7}.Release|x86.ActiveCfg = Release|Any CPU
		{7D43C312-3DBB-4B03-9448-D9DA5AD0DBC7}.Release|x86.Build.0 = Release|Any CPU
		{80CBF286-EB2A-4DFB-8CE2-FF0D3EEA6B00}.Ad-Hoc|Any CPU.ActiveCfg = Release|Any CPU
		{80CBF286-EB2A-4DFB-8CE2-FF0D3EEA6B00}.Ad-Hoc|Any CPU.Build.0 = Release|Any CPU
		{80CBF286-EB2A-4DFB-8CE2-FF0D3EEA6B00}.Ad-Hoc|Any CPU.Deploy.0 = Release|Any CPU
		{80CBF286-EB2A-4DFB-8CE2-FF0D3EEA6B00}.Ad-Hoc|ARM.ActiveCfg = Release|Any CPU
		{80CBF286-EB2A-4DFB-8CE2-FF0D3EEA6B00}.Ad-Hoc|ARM.Build.0 = Release|Any CPU
		{80CBF286-EB2A-4DFB-8CE2-FF0D3EEA6B00}.Ad-Hoc|ARM.Deploy.0 = Release|Any CPU
		{80CBF286-EB2A-4DFB-8CE2-FF0D3EEA6B00}.Ad-Hoc|iPhone.ActiveCfg = Release|Any CPU
		{80CBF286-EB2A-4DFB-8CE2-FF0D3EEA6B00}.Ad-Hoc|iPhone.Build.0 = Release|Any CPU
		{80CBF286-EB2A-4DFB-8CE2-FF0D3EEA6B00}.Ad-Hoc|iPhone.Deploy.0 = Release|Any CPU
		{80CBF286-EB2A-4DFB-8CE2-FF0D3EEA6B00}.Ad-Hoc|iPhoneSimulator.ActiveCfg = Release|Any CPU
		{80CBF286-EB2A-4DFB-8CE2-FF0D3EEA6B00}.Ad-Hoc|iPhoneSimulator.Build.0 = Release|Any CPU
		{80CBF286-EB2A-4DFB-8CE2-FF0D3EEA6B00}.Ad-Hoc|iPhoneSimulator.Deploy.0 = Release|Any CPU
		{80CBF286-EB2A-4DFB-8CE2-FF0D3EEA6B00}.Ad-Hoc|x64.ActiveCfg = Release|Any CPU
		{80CBF286-EB2A-4DFB-8CE2-FF0D3EEA6B00}.Ad-Hoc|x64.Build.0 = Release|Any CPU
		{80CBF286-EB2A-4DFB-8CE2-FF0D3EEA6B00}.Ad-Hoc|x64.Deploy.0 = Release|Any CPU
		{80CBF286-EB2A-4DFB-8CE2-FF0D3EEA6B00}.Ad-Hoc|x86.ActiveCfg = Release|Any CPU
		{80CBF286-EB2A-4DFB-8CE2-FF0D3EEA6B00}.Ad-Hoc|x86.Build.0 = Release|Any CPU
		{80CBF286-EB2A-4DFB-8CE2-FF0D3EEA6B00}.Ad-Hoc|x86.Deploy.0 = Release|Any CPU
		{80CBF286-EB2A-4DFB-8CE2-FF0D3EEA6B00}.AppStore|Any CPU.ActiveCfg = Release|Any CPU
		{80CBF286-EB2A-4DFB-8CE2-FF0D3EEA6B00}.AppStore|Any CPU.Build.0 = Release|Any CPU
		{80CBF286-EB2A-4DFB-8CE2-FF0D3EEA6B00}.AppStore|Any CPU.Deploy.0 = Release|Any CPU
		{80CBF286-EB2A-4DFB-8CE2-FF0D3EEA6B00}.AppStore|ARM.ActiveCfg = Release|Any CPU
		{80CBF286-EB2A-4DFB-8CE2-FF0D3EEA6B00}.AppStore|ARM.Build.0 = Release|Any CPU
		{80CBF286-EB2A-4DFB-8CE2-FF0D3EEA6B00}.AppStore|ARM.Deploy.0 = Release|Any CPU
		{80CBF286-EB2A-4DFB-8CE2-FF0D3EEA6B00}.AppStore|iPhone.ActiveCfg = Release|Any CPU
		{80CBF286-EB2A-4DFB-8CE2-FF0D3EEA6B00}.AppStore|iPhone.Build.0 = Release|Any CPU
		{80CBF286-EB2A-4DFB-8CE2-FF0D3EEA6B00}.AppStore|iPhone.Deploy.0 = Release|Any CPU
		{80CBF286-EB2A-4DFB-8CE2-FF0D3EEA6B00}.AppStore|iPhoneSimulator.ActiveCfg = Release|Any CPU
		{80CBF286-EB2A-4DFB-8CE2-FF0D3EEA6B00}.AppStore|iPhoneSimulator.Build.0 = Release|Any CPU
		{80CBF286-EB2A-4DFB-8CE2-FF0D3EEA6B00}.AppStore|iPhoneSimulator.Deploy.0 = Release|Any CPU
		{80CBF286-EB2A-4DFB-8CE2-FF0D3EEA6B00}.AppStore|x64.ActiveCfg = Release|Any CPU
		{80CBF286-EB2A-4DFB-8CE2-FF0D3EEA6B00}.AppStore|x64.Build.0 = Release|Any CPU
		{80CBF286-EB2A-4DFB-8CE2-FF0D3EEA6B00}.AppStore|x64.Deploy.0 = Release|Any CPU
		{80CBF286-EB2A-4DFB-8CE2-FF0D3EEA6B00}.AppStore|x86.ActiveCfg = Release|Any CPU
		{80CBF286-EB2A-4DFB-8CE2-FF0D3EEA6B00}.AppStore|x86.Build.0 = Release|Any CPU
		{80CBF286-EB2A-4DFB-8CE2-FF0D3EEA6B00}.AppStore|x86.Deploy.0 = Release|Any CPU
		{80CBF286-EB2A-4DFB-8CE2-FF0D3EEA6B00}.Debug|Any CPU.ActiveCfg = Debug|Any CPU
		{80CBF286-EB2A-4DFB-8CE2-FF0D3EEA6B00}.Debug|Any CPU.Build.0 = Debug|Any CPU
		{80CBF286-EB2A-4DFB-8CE2-FF0D3EEA6B00}.Debug|Any CPU.Deploy.0 = Debug|Any CPU
		{80CBF286-EB2A-4DFB-8CE2-FF0D3EEA6B00}.Debug|ARM.ActiveCfg = Debug|Any CPU
		{80CBF286-EB2A-4DFB-8CE2-FF0D3EEA6B00}.Debug|ARM.Build.0 = Debug|Any CPU
		{80CBF286-EB2A-4DFB-8CE2-FF0D3EEA6B00}.Debug|ARM.Deploy.0 = Debug|Any CPU
		{80CBF286-EB2A-4DFB-8CE2-FF0D3EEA6B00}.Debug|iPhone.ActiveCfg = Debug|Any CPU
		{80CBF286-EB2A-4DFB-8CE2-FF0D3EEA6B00}.Debug|iPhone.Build.0 = Debug|Any CPU
		{80CBF286-EB2A-4DFB-8CE2-FF0D3EEA6B00}.Debug|iPhone.Deploy.0 = Debug|Any CPU
		{80CBF286-EB2A-4DFB-8CE2-FF0D3EEA6B00}.Debug|iPhoneSimulator.ActiveCfg = Debug|Any CPU
		{80CBF286-EB2A-4DFB-8CE2-FF0D3EEA6B00}.Debug|iPhoneSimulator.Build.0 = Debug|Any CPU
		{80CBF286-EB2A-4DFB-8CE2-FF0D3EEA6B00}.Debug|iPhoneSimulator.Deploy.0 = Debug|Any CPU
		{80CBF286-EB2A-4DFB-8CE2-FF0D3EEA6B00}.Debug|x64.ActiveCfg = Debug|Any CPU
		{80CBF286-EB2A-4DFB-8CE2-FF0D3EEA6B00}.Debug|x64.Build.0 = Debug|Any CPU
		{80CBF286-EB2A-4DFB-8CE2-FF0D3EEA6B00}.Debug|x64.Deploy.0 = Debug|Any CPU
		{80CBF286-EB2A-4DFB-8CE2-FF0D3EEA6B00}.Debug|x86.ActiveCfg = Debug|Any CPU
		{80CBF286-EB2A-4DFB-8CE2-FF0D3EEA6B00}.Debug|x86.Build.0 = Debug|Any CPU
		{80CBF286-EB2A-4DFB-8CE2-FF0D3EEA6B00}.Debug|x86.Deploy.0 = Debug|Any CPU
		{80CBF286-EB2A-4DFB-8CE2-FF0D3EEA6B00}.Release|Any CPU.ActiveCfg = Release|Any CPU
		{80CBF286-EB2A-4DFB-8CE2-FF0D3EEA6B00}.Release|Any CPU.Build.0 = Release|Any CPU
		{80CBF286-EB2A-4DFB-8CE2-FF0D3EEA6B00}.Release|Any CPU.Deploy.0 = Release|Any CPU
		{80CBF286-EB2A-4DFB-8CE2-FF0D3EEA6B00}.Release|ARM.ActiveCfg = Release|Any CPU
		{80CBF286-EB2A-4DFB-8CE2-FF0D3EEA6B00}.Release|ARM.Build.0 = Release|Any CPU
		{80CBF286-EB2A-4DFB-8CE2-FF0D3EEA6B00}.Release|ARM.Deploy.0 = Release|Any CPU
		{80CBF286-EB2A-4DFB-8CE2-FF0D3EEA6B00}.Release|iPhone.ActiveCfg = Release|Any CPU
		{80CBF286-EB2A-4DFB-8CE2-FF0D3EEA6B00}.Release|iPhone.Build.0 = Release|Any CPU
		{80CBF286-EB2A-4DFB-8CE2-FF0D3EEA6B00}.Release|iPhone.Deploy.0 = Release|Any CPU
		{80CBF286-EB2A-4DFB-8CE2-FF0D3EEA6B00}.Release|iPhoneSimulator.ActiveCfg = Release|Any CPU
		{80CBF286-EB2A-4DFB-8CE2-FF0D3EEA6B00}.Release|iPhoneSimulator.Build.0 = Release|Any CPU
		{80CBF286-EB2A-4DFB-8CE2-FF0D3EEA6B00}.Release|iPhoneSimulator.Deploy.0 = Release|Any CPU
		{80CBF286-EB2A-4DFB-8CE2-FF0D3EEA6B00}.Release|x64.ActiveCfg = Release|Any CPU
		{80CBF286-EB2A-4DFB-8CE2-FF0D3EEA6B00}.Release|x64.Build.0 = Release|Any CPU
		{80CBF286-EB2A-4DFB-8CE2-FF0D3EEA6B00}.Release|x64.Deploy.0 = Release|Any CPU
		{80CBF286-EB2A-4DFB-8CE2-FF0D3EEA6B00}.Release|x86.ActiveCfg = Release|Any CPU
		{80CBF286-EB2A-4DFB-8CE2-FF0D3EEA6B00}.Release|x86.Build.0 = Release|Any CPU
		{80CBF286-EB2A-4DFB-8CE2-FF0D3EEA6B00}.Release|x86.Deploy.0 = Release|Any CPU
		{6A09FE9D-6D77-4172-9D55-C63F03AB3479}.Ad-Hoc|Any CPU.ActiveCfg = Ad-Hoc|iPhone
		{6A09FE9D-6D77-4172-9D55-C63F03AB3479}.Ad-Hoc|ARM.ActiveCfg = Ad-Hoc|iPhone
		{6A09FE9D-6D77-4172-9D55-C63F03AB3479}.Ad-Hoc|iPhone.ActiveCfg = Ad-Hoc|iPhone
		{6A09FE9D-6D77-4172-9D55-C63F03AB3479}.Ad-Hoc|iPhone.Build.0 = Ad-Hoc|iPhone
		{6A09FE9D-6D77-4172-9D55-C63F03AB3479}.Ad-Hoc|iPhoneSimulator.ActiveCfg = Ad-Hoc|iPhoneSimulator
		{6A09FE9D-6D77-4172-9D55-C63F03AB3479}.Ad-Hoc|iPhoneSimulator.Build.0 = Ad-Hoc|iPhoneSimulator
		{6A09FE9D-6D77-4172-9D55-C63F03AB3479}.Ad-Hoc|x64.ActiveCfg = Ad-Hoc|iPhone
		{6A09FE9D-6D77-4172-9D55-C63F03AB3479}.Ad-Hoc|x86.ActiveCfg = Ad-Hoc|iPhone
		{6A09FE9D-6D77-4172-9D55-C63F03AB3479}.AppStore|Any CPU.ActiveCfg = AppStore|iPhone
		{6A09FE9D-6D77-4172-9D55-C63F03AB3479}.AppStore|ARM.ActiveCfg = AppStore|iPhone
		{6A09FE9D-6D77-4172-9D55-C63F03AB3479}.AppStore|iPhone.ActiveCfg = AppStore|iPhone
		{6A09FE9D-6D77-4172-9D55-C63F03AB3479}.AppStore|iPhone.Build.0 = AppStore|iPhone
		{6A09FE9D-6D77-4172-9D55-C63F03AB3479}.AppStore|iPhoneSimulator.ActiveCfg = AppStore|iPhoneSimulator
		{6A09FE9D-6D77-4172-9D55-C63F03AB3479}.AppStore|iPhoneSimulator.Build.0 = AppStore|iPhoneSimulator
		{6A09FE9D-6D77-4172-9D55-C63F03AB3479}.AppStore|x64.ActiveCfg = AppStore|iPhone
		{6A09FE9D-6D77-4172-9D55-C63F03AB3479}.AppStore|x86.ActiveCfg = AppStore|iPhone
		{6A09FE9D-6D77-4172-9D55-C63F03AB3479}.Debug|Any CPU.ActiveCfg = Debug|iPhone
		{6A09FE9D-6D77-4172-9D55-C63F03AB3479}.Debug|ARM.ActiveCfg = Debug|iPhone
		{6A09FE9D-6D77-4172-9D55-C63F03AB3479}.Debug|iPhone.ActiveCfg = Debug|iPhone
		{6A09FE9D-6D77-4172-9D55-C63F03AB3479}.Debug|iPhone.Build.0 = Debug|iPhone
		{6A09FE9D-6D77-4172-9D55-C63F03AB3479}.Debug|iPhoneSimulator.ActiveCfg = Debug|iPhoneSimulator
		{6A09FE9D-6D77-4172-9D55-C63F03AB3479}.Debug|iPhoneSimulator.Build.0 = Debug|iPhoneSimulator
		{6A09FE9D-6D77-4172-9D55-C63F03AB3479}.Debug|x64.ActiveCfg = Debug|iPhone
		{6A09FE9D-6D77-4172-9D55-C63F03AB3479}.Debug|x86.ActiveCfg = Debug|iPhone
		{6A09FE9D-6D77-4172-9D55-C63F03AB3479}.Release|Any CPU.ActiveCfg = Release|iPhone
		{6A09FE9D-6D77-4172-9D55-C63F03AB3479}.Release|ARM.ActiveCfg = Release|iPhone
		{6A09FE9D-6D77-4172-9D55-C63F03AB3479}.Release|iPhone.ActiveCfg = Release|iPhone
		{6A09FE9D-6D77-4172-9D55-C63F03AB3479}.Release|iPhone.Build.0 = Release|iPhone
		{6A09FE9D-6D77-4172-9D55-C63F03AB3479}.Release|iPhoneSimulator.ActiveCfg = Release|iPhoneSimulator
		{6A09FE9D-6D77-4172-9D55-C63F03AB3479}.Release|iPhoneSimulator.Build.0 = Release|iPhoneSimulator
		{6A09FE9D-6D77-4172-9D55-C63F03AB3479}.Release|x64.ActiveCfg = Release|iPhone
		{6A09FE9D-6D77-4172-9D55-C63F03AB3479}.Release|x86.ActiveCfg = Release|iPhone
		{515BF907-8EB2-4F04-8813-085D6518F67D}.Ad-Hoc|Any CPU.ActiveCfg = Release|Any CPU
		{515BF907-8EB2-4F04-8813-085D6518F67D}.Ad-Hoc|Any CPU.Build.0 = Release|Any CPU
		{515BF907-8EB2-4F04-8813-085D6518F67D}.Ad-Hoc|Any CPU.Deploy.0 = Release|Any CPU
		{515BF907-8EB2-4F04-8813-085D6518F67D}.Ad-Hoc|ARM.ActiveCfg = Release|ARM
		{515BF907-8EB2-4F04-8813-085D6518F67D}.Ad-Hoc|ARM.Build.0 = Release|ARM
		{515BF907-8EB2-4F04-8813-085D6518F67D}.Ad-Hoc|ARM.Deploy.0 = Release|ARM
		{515BF907-8EB2-4F04-8813-085D6518F67D}.Ad-Hoc|iPhone.ActiveCfg = Release|Any CPU
		{515BF907-8EB2-4F04-8813-085D6518F67D}.Ad-Hoc|iPhone.Build.0 = Release|Any CPU
		{515BF907-8EB2-4F04-8813-085D6518F67D}.Ad-Hoc|iPhone.Deploy.0 = Release|Any CPU
		{515BF907-8EB2-4F04-8813-085D6518F67D}.Ad-Hoc|iPhoneSimulator.ActiveCfg = Release|Any CPU
		{515BF907-8EB2-4F04-8813-085D6518F67D}.Ad-Hoc|iPhoneSimulator.Build.0 = Release|Any CPU
		{515BF907-8EB2-4F04-8813-085D6518F67D}.Ad-Hoc|iPhoneSimulator.Deploy.0 = Release|Any CPU
		{515BF907-8EB2-4F04-8813-085D6518F67D}.Ad-Hoc|x64.ActiveCfg = Release|Any CPU
		{515BF907-8EB2-4F04-8813-085D6518F67D}.Ad-Hoc|x64.Build.0 = Release|Any CPU
		{515BF907-8EB2-4F04-8813-085D6518F67D}.Ad-Hoc|x64.Deploy.0 = Release|Any CPU
		{515BF907-8EB2-4F04-8813-085D6518F67D}.Ad-Hoc|x86.ActiveCfg = Release|x86
		{515BF907-8EB2-4F04-8813-085D6518F67D}.Ad-Hoc|x86.Build.0 = Release|x86
		{515BF907-8EB2-4F04-8813-085D6518F67D}.Ad-Hoc|x86.Deploy.0 = Release|x86
		{515BF907-8EB2-4F04-8813-085D6518F67D}.AppStore|Any CPU.ActiveCfg = Release|Any CPU
		{515BF907-8EB2-4F04-8813-085D6518F67D}.AppStore|Any CPU.Build.0 = Release|Any CPU
		{515BF907-8EB2-4F04-8813-085D6518F67D}.AppStore|Any CPU.Deploy.0 = Release|Any CPU
		{515BF907-8EB2-4F04-8813-085D6518F67D}.AppStore|ARM.ActiveCfg = Release|ARM
		{515BF907-8EB2-4F04-8813-085D6518F67D}.AppStore|ARM.Build.0 = Release|ARM
		{515BF907-8EB2-4F04-8813-085D6518F67D}.AppStore|ARM.Deploy.0 = Release|ARM
		{515BF907-8EB2-4F04-8813-085D6518F67D}.AppStore|iPhone.ActiveCfg = Release|Any CPU
		{515BF907-8EB2-4F04-8813-085D6518F67D}.AppStore|iPhone.Build.0 = Release|Any CPU
		{515BF907-8EB2-4F04-8813-085D6518F67D}.AppStore|iPhone.Deploy.0 = Release|Any CPU
		{515BF907-8EB2-4F04-8813-085D6518F67D}.AppStore|iPhoneSimulator.ActiveCfg = Release|Any CPU
		{515BF907-8EB2-4F04-8813-085D6518F67D}.AppStore|iPhoneSimulator.Build.0 = Release|Any CPU
		{515BF907-8EB2-4F04-8813-085D6518F67D}.AppStore|iPhoneSimulator.Deploy.0 = Release|Any CPU
		{515BF907-8EB2-4F04-8813-085D6518F67D}.AppStore|x64.ActiveCfg = Release|Any CPU
		{515BF907-8EB2-4F04-8813-085D6518F67D}.AppStore|x64.Build.0 = Release|Any CPU
		{515BF907-8EB2-4F04-8813-085D6518F67D}.AppStore|x64.Deploy.0 = Release|Any CPU
		{515BF907-8EB2-4F04-8813-085D6518F67D}.AppStore|x86.ActiveCfg = Release|x86
		{515BF907-8EB2-4F04-8813-085D6518F67D}.AppStore|x86.Build.0 = Release|x86
		{515BF907-8EB2-4F04-8813-085D6518F67D}.AppStore|x86.Deploy.0 = Release|x86
		{515BF907-8EB2-4F04-8813-085D6518F67D}.Debug|Any CPU.ActiveCfg = Debug|Any CPU
		{515BF907-8EB2-4F04-8813-085D6518F67D}.Debug|Any CPU.Build.0 = Debug|Any CPU
		{515BF907-8EB2-4F04-8813-085D6518F67D}.Debug|Any CPU.Deploy.0 = Debug|Any CPU
		{515BF907-8EB2-4F04-8813-085D6518F67D}.Debug|ARM.ActiveCfg = Debug|ARM
		{515BF907-8EB2-4F04-8813-085D6518F67D}.Debug|ARM.Build.0 = Debug|ARM
		{515BF907-8EB2-4F04-8813-085D6518F67D}.Debug|ARM.Deploy.0 = Debug|ARM
		{515BF907-8EB2-4F04-8813-085D6518F67D}.Debug|iPhone.ActiveCfg = Debug|Any CPU
		{515BF907-8EB2-4F04-8813-085D6518F67D}.Debug|iPhone.Build.0 = Debug|Any CPU
		{515BF907-8EB2-4F04-8813-085D6518F67D}.Debug|iPhone.Deploy.0 = Debug|Any CPU
		{515BF907-8EB2-4F04-8813-085D6518F67D}.Debug|iPhoneSimulator.ActiveCfg = Debug|Any CPU
		{515BF907-8EB2-4F04-8813-085D6518F67D}.Debug|iPhoneSimulator.Build.0 = Debug|Any CPU
		{515BF907-8EB2-4F04-8813-085D6518F67D}.Debug|iPhoneSimulator.Deploy.0 = Debug|Any CPU
		{515BF907-8EB2-4F04-8813-085D6518F67D}.Debug|x64.ActiveCfg = Debug|Any CPU
		{515BF907-8EB2-4F04-8813-085D6518F67D}.Debug|x64.Build.0 = Debug|Any CPU
		{515BF907-8EB2-4F04-8813-085D6518F67D}.Debug|x64.Deploy.0 = Debug|Any CPU
		{515BF907-8EB2-4F04-8813-085D6518F67D}.Debug|x86.ActiveCfg = Debug|x86
		{515BF907-8EB2-4F04-8813-085D6518F67D}.Debug|x86.Build.0 = Debug|x86
		{515BF907-8EB2-4F04-8813-085D6518F67D}.Debug|x86.Deploy.0 = Debug|x86
		{515BF907-8EB2-4F04-8813-085D6518F67D}.Release|Any CPU.ActiveCfg = Release|Any CPU
		{515BF907-8EB2-4F04-8813-085D6518F67D}.Release|Any CPU.Build.0 = Release|Any CPU
		{515BF907-8EB2-4F04-8813-085D6518F67D}.Release|Any CPU.Deploy.0 = Release|Any CPU
		{515BF907-8EB2-4F04-8813-085D6518F67D}.Release|ARM.ActiveCfg = Release|ARM
		{515BF907-8EB2-4F04-8813-085D6518F67D}.Release|ARM.Build.0 = Release|ARM
		{515BF907-8EB2-4F04-8813-085D6518F67D}.Release|ARM.Deploy.0 = Release|ARM
		{515BF907-8EB2-4F04-8813-085D6518F67D}.Release|iPhone.ActiveCfg = Release|Any CPU
		{515BF907-8EB2-4F04-8813-085D6518F67D}.Release|iPhone.Build.0 = Release|Any CPU
		{515BF907-8EB2-4F04-8813-085D6518F67D}.Release|iPhone.Deploy.0 = Release|Any CPU
		{515BF907-8EB2-4F04-8813-085D6518F67D}.Release|iPhoneSimulator.ActiveCfg = Release|Any CPU
		{515BF907-8EB2-4F04-8813-085D6518F67D}.Release|iPhoneSimulator.Build.0 = Release|Any CPU
		{515BF907-8EB2-4F04-8813-085D6518F67D}.Release|iPhoneSimulator.Deploy.0 = Release|Any CPU
		{515BF907-8EB2-4F04-8813-085D6518F67D}.Release|x64.ActiveCfg = Release|Any CPU
		{515BF907-8EB2-4F04-8813-085D6518F67D}.Release|x64.Build.0 = Release|Any CPU
		{515BF907-8EB2-4F04-8813-085D6518F67D}.Release|x64.Deploy.0 = Release|Any CPU
		{515BF907-8EB2-4F04-8813-085D6518F67D}.Release|x86.ActiveCfg = Release|x86
		{515BF907-8EB2-4F04-8813-085D6518F67D}.Release|x86.Build.0 = Release|x86
		{515BF907-8EB2-4F04-8813-085D6518F67D}.Release|x86.Deploy.0 = Release|x86
		{36702B33-B3F9-4ECF-AA09-90AC7AE6C1CC}.Ad-Hoc|Any CPU.ActiveCfg = Release|x86
		{36702B33-B3F9-4ECF-AA09-90AC7AE6C1CC}.Ad-Hoc|Any CPU.Build.0 = Release|x86
		{36702B33-B3F9-4ECF-AA09-90AC7AE6C1CC}.Ad-Hoc|Any CPU.Deploy.0 = Release|x86
		{36702B33-B3F9-4ECF-AA09-90AC7AE6C1CC}.Ad-Hoc|ARM.ActiveCfg = Release|ARM
		{36702B33-B3F9-4ECF-AA09-90AC7AE6C1CC}.Ad-Hoc|ARM.Build.0 = Release|ARM
		{36702B33-B3F9-4ECF-AA09-90AC7AE6C1CC}.Ad-Hoc|ARM.Deploy.0 = Release|ARM
		{36702B33-B3F9-4ECF-AA09-90AC7AE6C1CC}.Ad-Hoc|iPhone.ActiveCfg = Release|x86
		{36702B33-B3F9-4ECF-AA09-90AC7AE6C1CC}.Ad-Hoc|iPhone.Build.0 = Release|x86
		{36702B33-B3F9-4ECF-AA09-90AC7AE6C1CC}.Ad-Hoc|iPhone.Deploy.0 = Release|x86
		{36702B33-B3F9-4ECF-AA09-90AC7AE6C1CC}.Ad-Hoc|iPhoneSimulator.ActiveCfg = Release|x86
		{36702B33-B3F9-4ECF-AA09-90AC7AE6C1CC}.Ad-Hoc|iPhoneSimulator.Build.0 = Release|x86
		{36702B33-B3F9-4ECF-AA09-90AC7AE6C1CC}.Ad-Hoc|iPhoneSimulator.Deploy.0 = Release|x86
		{36702B33-B3F9-4ECF-AA09-90AC7AE6C1CC}.Ad-Hoc|x64.ActiveCfg = Release|x64
		{36702B33-B3F9-4ECF-AA09-90AC7AE6C1CC}.Ad-Hoc|x64.Build.0 = Release|x64
		{36702B33-B3F9-4ECF-AA09-90AC7AE6C1CC}.Ad-Hoc|x64.Deploy.0 = Release|x64
		{36702B33-B3F9-4ECF-AA09-90AC7AE6C1CC}.Ad-Hoc|x86.ActiveCfg = Release|x86
		{36702B33-B3F9-4ECF-AA09-90AC7AE6C1CC}.Ad-Hoc|x86.Build.0 = Release|x86
		{36702B33-B3F9-4ECF-AA09-90AC7AE6C1CC}.Ad-Hoc|x86.Deploy.0 = Release|x86
		{36702B33-B3F9-4ECF-AA09-90AC7AE6C1CC}.AppStore|Any CPU.ActiveCfg = Release|x86
		{36702B33-B3F9-4ECF-AA09-90AC7AE6C1CC}.AppStore|Any CPU.Build.0 = Release|x86
		{36702B33-B3F9-4ECF-AA09-90AC7AE6C1CC}.AppStore|Any CPU.Deploy.0 = Release|x86
		{36702B33-B3F9-4ECF-AA09-90AC7AE6C1CC}.AppStore|ARM.ActiveCfg = Release|ARM
		{36702B33-B3F9-4ECF-AA09-90AC7AE6C1CC}.AppStore|ARM.Build.0 = Release|ARM
		{36702B33-B3F9-4ECF-AA09-90AC7AE6C1CC}.AppStore|ARM.Deploy.0 = Release|ARM
		{36702B33-B3F9-4ECF-AA09-90AC7AE6C1CC}.AppStore|iPhone.ActiveCfg = Release|x86
		{36702B33-B3F9-4ECF-AA09-90AC7AE6C1CC}.AppStore|iPhone.Build.0 = Release|x86
		{36702B33-B3F9-4ECF-AA09-90AC7AE6C1CC}.AppStore|iPhone.Deploy.0 = Release|x86
		{36702B33-B3F9-4ECF-AA09-90AC7AE6C1CC}.AppStore|iPhoneSimulator.ActiveCfg = Release|x86
		{36702B33-B3F9-4ECF-AA09-90AC7AE6C1CC}.AppStore|iPhoneSimulator.Build.0 = Release|x86
		{36702B33-B3F9-4ECF-AA09-90AC7AE6C1CC}.AppStore|iPhoneSimulator.Deploy.0 = Release|x86
		{36702B33-B3F9-4ECF-AA09-90AC7AE6C1CC}.AppStore|x64.ActiveCfg = Release|x64
		{36702B33-B3F9-4ECF-AA09-90AC7AE6C1CC}.AppStore|x64.Build.0 = Release|x64
		{36702B33-B3F9-4ECF-AA09-90AC7AE6C1CC}.AppStore|x64.Deploy.0 = Release|x64
		{36702B33-B3F9-4ECF-AA09-90AC7AE6C1CC}.AppStore|x86.ActiveCfg = Release|x86
		{36702B33-B3F9-4ECF-AA09-90AC7AE6C1CC}.AppStore|x86.Build.0 = Release|x86
		{36702B33-B3F9-4ECF-AA09-90AC7AE6C1CC}.AppStore|x86.Deploy.0 = Release|x86
		{36702B33-B3F9-4ECF-AA09-90AC7AE6C1CC}.Debug|Any CPU.ActiveCfg = Debug|x86
		{36702B33-B3F9-4ECF-AA09-90AC7AE6C1CC}.Debug|ARM.ActiveCfg = Debug|ARM
		{36702B33-B3F9-4ECF-AA09-90AC7AE6C1CC}.Debug|ARM.Build.0 = Debug|ARM
		{36702B33-B3F9-4ECF-AA09-90AC7AE6C1CC}.Debug|ARM.Deploy.0 = Debug|ARM
		{36702B33-B3F9-4ECF-AA09-90AC7AE6C1CC}.Debug|iPhone.ActiveCfg = Debug|x86
		{36702B33-B3F9-4ECF-AA09-90AC7AE6C1CC}.Debug|iPhoneSimulator.ActiveCfg = Debug|x86
		{36702B33-B3F9-4ECF-AA09-90AC7AE6C1CC}.Debug|x64.ActiveCfg = Debug|x64
		{36702B33-B3F9-4ECF-AA09-90AC7AE6C1CC}.Debug|x64.Build.0 = Debug|x64
		{36702B33-B3F9-4ECF-AA09-90AC7AE6C1CC}.Debug|x64.Deploy.0 = Debug|x64
		{36702B33-B3F9-4ECF-AA09-90AC7AE6C1CC}.Debug|x86.ActiveCfg = Debug|x86
		{36702B33-B3F9-4ECF-AA09-90AC7AE6C1CC}.Debug|x86.Build.0 = Debug|x86
		{36702B33-B3F9-4ECF-AA09-90AC7AE6C1CC}.Debug|x86.Deploy.0 = Debug|x86
		{36702B33-B3F9-4ECF-AA09-90AC7AE6C1CC}.Release|Any CPU.ActiveCfg = Release|x86
		{36702B33-B3F9-4ECF-AA09-90AC7AE6C1CC}.Release|ARM.ActiveCfg = Release|ARM
		{36702B33-B3F9-4ECF-AA09-90AC7AE6C1CC}.Release|ARM.Build.0 = Release|ARM
		{36702B33-B3F9-4ECF-AA09-90AC7AE6C1CC}.Release|ARM.Deploy.0 = Release|ARM
		{36702B33-B3F9-4ECF-AA09-90AC7AE6C1CC}.Release|iPhone.ActiveCfg = Release|x86
		{36702B33-B3F9-4ECF-AA09-90AC7AE6C1CC}.Release|iPhoneSimulator.ActiveCfg = Release|x86
		{36702B33-B3F9-4ECF-AA09-90AC7AE6C1CC}.Release|x64.ActiveCfg = Release|x64
		{36702B33-B3F9-4ECF-AA09-90AC7AE6C1CC}.Release|x64.Build.0 = Release|x64
		{36702B33-B3F9-4ECF-AA09-90AC7AE6C1CC}.Release|x64.Deploy.0 = Release|x64
		{36702B33-B3F9-4ECF-AA09-90AC7AE6C1CC}.Release|x86.ActiveCfg = Release|x86
		{36702B33-B3F9-4ECF-AA09-90AC7AE6C1CC}.Release|x86.Build.0 = Release|x86
		{36702B33-B3F9-4ECF-AA09-90AC7AE6C1CC}.Release|x86.Deploy.0 = Release|x86
		{ED8089AE-FA94-42F6-9F1F-5FEAC41205F8}.Ad-Hoc|Any CPU.ActiveCfg = Release|Any CPU
		{ED8089AE-FA94-42F6-9F1F-5FEAC41205F8}.Ad-Hoc|Any CPU.Build.0 = Release|Any CPU
		{ED8089AE-FA94-42F6-9F1F-5FEAC41205F8}.Ad-Hoc|Any CPU.Deploy.0 = Release|Any CPU
		{ED8089AE-FA94-42F6-9F1F-5FEAC41205F8}.Ad-Hoc|ARM.ActiveCfg = Release|ARM
		{ED8089AE-FA94-42F6-9F1F-5FEAC41205F8}.Ad-Hoc|ARM.Build.0 = Release|ARM
		{ED8089AE-FA94-42F6-9F1F-5FEAC41205F8}.Ad-Hoc|ARM.Deploy.0 = Release|ARM
		{ED8089AE-FA94-42F6-9F1F-5FEAC41205F8}.Ad-Hoc|iPhone.ActiveCfg = Release|Any CPU
		{ED8089AE-FA94-42F6-9F1F-5FEAC41205F8}.Ad-Hoc|iPhone.Build.0 = Release|Any CPU
		{ED8089AE-FA94-42F6-9F1F-5FEAC41205F8}.Ad-Hoc|iPhone.Deploy.0 = Release|Any CPU
		{ED8089AE-FA94-42F6-9F1F-5FEAC41205F8}.Ad-Hoc|iPhoneSimulator.ActiveCfg = Release|Any CPU
		{ED8089AE-FA94-42F6-9F1F-5FEAC41205F8}.Ad-Hoc|iPhoneSimulator.Build.0 = Release|Any CPU
		{ED8089AE-FA94-42F6-9F1F-5FEAC41205F8}.Ad-Hoc|iPhoneSimulator.Deploy.0 = Release|Any CPU
		{ED8089AE-FA94-42F6-9F1F-5FEAC41205F8}.Ad-Hoc|x64.ActiveCfg = Release|x64
		{ED8089AE-FA94-42F6-9F1F-5FEAC41205F8}.Ad-Hoc|x64.Build.0 = Release|x64
		{ED8089AE-FA94-42F6-9F1F-5FEAC41205F8}.Ad-Hoc|x64.Deploy.0 = Release|x64
		{ED8089AE-FA94-42F6-9F1F-5FEAC41205F8}.Ad-Hoc|x86.ActiveCfg = Release|x86
		{ED8089AE-FA94-42F6-9F1F-5FEAC41205F8}.Ad-Hoc|x86.Build.0 = Release|x86
		{ED8089AE-FA94-42F6-9F1F-5FEAC41205F8}.Ad-Hoc|x86.Deploy.0 = Release|x86
		{ED8089AE-FA94-42F6-9F1F-5FEAC41205F8}.AppStore|Any CPU.ActiveCfg = Release|Any CPU
		{ED8089AE-FA94-42F6-9F1F-5FEAC41205F8}.AppStore|Any CPU.Build.0 = Release|Any CPU
		{ED8089AE-FA94-42F6-9F1F-5FEAC41205F8}.AppStore|Any CPU.Deploy.0 = Release|Any CPU
		{ED8089AE-FA94-42F6-9F1F-5FEAC41205F8}.AppStore|ARM.ActiveCfg = Release|ARM
		{ED8089AE-FA94-42F6-9F1F-5FEAC41205F8}.AppStore|ARM.Build.0 = Release|ARM
		{ED8089AE-FA94-42F6-9F1F-5FEAC41205F8}.AppStore|ARM.Deploy.0 = Release|ARM
		{ED8089AE-FA94-42F6-9F1F-5FEAC41205F8}.AppStore|iPhone.ActiveCfg = Release|Any CPU
		{ED8089AE-FA94-42F6-9F1F-5FEAC41205F8}.AppStore|iPhone.Build.0 = Release|Any CPU
		{ED8089AE-FA94-42F6-9F1F-5FEAC41205F8}.AppStore|iPhone.Deploy.0 = Release|Any CPU
		{ED8089AE-FA94-42F6-9F1F-5FEAC41205F8}.AppStore|iPhoneSimulator.ActiveCfg = Release|Any CPU
		{ED8089AE-FA94-42F6-9F1F-5FEAC41205F8}.AppStore|iPhoneSimulator.Build.0 = Release|Any CPU
		{ED8089AE-FA94-42F6-9F1F-5FEAC41205F8}.AppStore|iPhoneSimulator.Deploy.0 = Release|Any CPU
		{ED8089AE-FA94-42F6-9F1F-5FEAC41205F8}.AppStore|x64.ActiveCfg = Release|x64
		{ED8089AE-FA94-42F6-9F1F-5FEAC41205F8}.AppStore|x64.Build.0 = Release|x64
		{ED8089AE-FA94-42F6-9F1F-5FEAC41205F8}.AppStore|x64.Deploy.0 = Release|x64
		{ED8089AE-FA94-42F6-9F1F-5FEAC41205F8}.AppStore|x86.ActiveCfg = Release|x86
		{ED8089AE-FA94-42F6-9F1F-5FEAC41205F8}.AppStore|x86.Build.0 = Release|x86
		{ED8089AE-FA94-42F6-9F1F-5FEAC41205F8}.AppStore|x86.Deploy.0 = Release|x86
		{ED8089AE-FA94-42F6-9F1F-5FEAC41205F8}.Debug|Any CPU.ActiveCfg = Debug|Any CPU
		{ED8089AE-FA94-42F6-9F1F-5FEAC41205F8}.Debug|Any CPU.Build.0 = Debug|Any CPU
		{ED8089AE-FA94-42F6-9F1F-5FEAC41205F8}.Debug|Any CPU.Deploy.0 = Debug|Any CPU
		{ED8089AE-FA94-42F6-9F1F-5FEAC41205F8}.Debug|ARM.ActiveCfg = Debug|ARM
		{ED8089AE-FA94-42F6-9F1F-5FEAC41205F8}.Debug|ARM.Build.0 = Debug|ARM
		{ED8089AE-FA94-42F6-9F1F-5FEAC41205F8}.Debug|ARM.Deploy.0 = Debug|ARM
		{ED8089AE-FA94-42F6-9F1F-5FEAC41205F8}.Debug|iPhone.ActiveCfg = Debug|Any CPU
		{ED8089AE-FA94-42F6-9F1F-5FEAC41205F8}.Debug|iPhone.Build.0 = Debug|Any CPU
		{ED8089AE-FA94-42F6-9F1F-5FEAC41205F8}.Debug|iPhone.Deploy.0 = Debug|Any CPU
		{ED8089AE-FA94-42F6-9F1F-5FEAC41205F8}.Debug|iPhoneSimulator.ActiveCfg = Debug|Any CPU
		{ED8089AE-FA94-42F6-9F1F-5FEAC41205F8}.Debug|iPhoneSimulator.Build.0 = Debug|Any CPU
		{ED8089AE-FA94-42F6-9F1F-5FEAC41205F8}.Debug|iPhoneSimulator.Deploy.0 = Debug|Any CPU
		{ED8089AE-FA94-42F6-9F1F-5FEAC41205F8}.Debug|x64.ActiveCfg = Debug|x64
		{ED8089AE-FA94-42F6-9F1F-5FEAC41205F8}.Debug|x64.Build.0 = Debug|x64
		{ED8089AE-FA94-42F6-9F1F-5FEAC41205F8}.Debug|x64.Deploy.0 = Debug|x64
		{ED8089AE-FA94-42F6-9F1F-5FEAC41205F8}.Debug|x86.ActiveCfg = Debug|x86
		{ED8089AE-FA94-42F6-9F1F-5FEAC41205F8}.Debug|x86.Build.0 = Debug|x86
		{ED8089AE-FA94-42F6-9F1F-5FEAC41205F8}.Debug|x86.Deploy.0 = Debug|x86
		{ED8089AE-FA94-42F6-9F1F-5FEAC41205F8}.Release|Any CPU.ActiveCfg = Release|Any CPU
		{ED8089AE-FA94-42F6-9F1F-5FEAC41205F8}.Release|Any CPU.Build.0 = Release|Any CPU
		{ED8089AE-FA94-42F6-9F1F-5FEAC41205F8}.Release|Any CPU.Deploy.0 = Release|Any CPU
		{ED8089AE-FA94-42F6-9F1F-5FEAC41205F8}.Release|ARM.ActiveCfg = Release|ARM
		{ED8089AE-FA94-42F6-9F1F-5FEAC41205F8}.Release|ARM.Build.0 = Release|ARM
		{ED8089AE-FA94-42F6-9F1F-5FEAC41205F8}.Release|ARM.Deploy.0 = Release|ARM
		{ED8089AE-FA94-42F6-9F1F-5FEAC41205F8}.Release|iPhone.ActiveCfg = Release|Any CPU
		{ED8089AE-FA94-42F6-9F1F-5FEAC41205F8}.Release|iPhone.Build.0 = Release|Any CPU
		{ED8089AE-FA94-42F6-9F1F-5FEAC41205F8}.Release|iPhone.Deploy.0 = Release|Any CPU
		{ED8089AE-FA94-42F6-9F1F-5FEAC41205F8}.Release|iPhoneSimulator.ActiveCfg = Release|Any CPU
		{ED8089AE-FA94-42F6-9F1F-5FEAC41205F8}.Release|iPhoneSimulator.Build.0 = Release|Any CPU
		{ED8089AE-FA94-42F6-9F1F-5FEAC41205F8}.Release|iPhoneSimulator.Deploy.0 = Release|Any CPU
		{ED8089AE-FA94-42F6-9F1F-5FEAC41205F8}.Release|x64.ActiveCfg = Release|x64
		{ED8089AE-FA94-42F6-9F1F-5FEAC41205F8}.Release|x64.Build.0 = Release|x64
		{ED8089AE-FA94-42F6-9F1F-5FEAC41205F8}.Release|x64.Deploy.0 = Release|x64
		{ED8089AE-FA94-42F6-9F1F-5FEAC41205F8}.Release|x86.ActiveCfg = Release|x86
		{ED8089AE-FA94-42F6-9F1F-5FEAC41205F8}.Release|x86.Build.0 = Release|x86
		{ED8089AE-FA94-42F6-9F1F-5FEAC41205F8}.Release|x86.Deploy.0 = Release|x86
	EndGlobalSection
	GlobalSection(SolutionProperties) = preSolution
		HideSolutionNode = FALSE
	EndGlobalSection
EndGlobal
